
Microsoft Visual Studio Solution File, Format Version 12.00
# Visual Studio Version 16
VisualStudioVersion = 16.0.29424.173
MinimumVisualStudioVersion = 10.0.40219.1
Project("{FAE04EC0-301F-11D3-BF4B-00C04F79EFBC}") = "InheritanceCalculatorJH", "InheritanceCalculatorJH\InheritanceCalculatorJH.csproj", "{D86CF17B-57B0-432A-AD93-87F30E211701}"
EndProject
Global
	GlobalSection(SolutionConfigurationPlatforms) = preSolution
		Debug|Any CPU = Debug|Any CPU
		Release|Any CPU = Release|Any CPU
	EndGlobalSection
	GlobalSection(ProjectConfigurationPlatforms) = postSolution
		{D86CF17B-57B0-432A-AD93-87F30E211701}.Debug|Any CPU.ActiveCfg = Debug|Any CPU
		{D86CF17B-57B0-432A-AD93-87F30E211701}.Debug|Any CPU.Build.0 = Debug|Any CPU
		{D86CF17B-57B0-432A-AD93-87F30E211701}.Release|Any CPU.ActiveCfg = Release|Any CPU
		{D86CF17B-57B0-432A-AD93-87F30E211701}.Release|Any CPU.Build.0 = Release|Any CPU
	EndGlobalSection
	GlobalSection(SolutionProperties) = preSolution
		HideSolutionNode = FALSE
	EndGlobalSection
	GlobalSection(ExtensibilityGlobals) = postSolution
		SolutionGuid = {5B28A795-36A1-4CB7-80B1-46AF32E8FDF0}
	EndGlobalSection
EndGlobal
